
Microsoft Visual Studio Solution File, Format Version 12.00
# Visual Studio Version 17
VisualStudioVersion = 17.0.31903.59
MinimumVisualStudioVersion = 10.0.40219.1
Project("{FAE04EC0-301F-11D3-BF4B-00C04F79EFBC}") = "CarRecommender.Core", "CarRecommender.Core.csproj", "{89E1B230-2BAA-4E1E-A027-16B59AA11FCD}"
EndProject
Project("{FAE04EC0-301F-11D3-BF4B-00C04F79EFBC}") = "CarRecommender.Api", "backend\CarRecommender.Api\CarRecommender.Api.csproj", "{47A3267C-5550-4A9C-9DF2-F581D3B4C84A}"
EndProject
Project("{2150E333-8FDC-42A3-9474-1A3956D46DE8}") = "Backend", "Backend", "{4A2A84B7-50EF-45A5-8CA9-624C4E2F568E}"
EndProject
Project("{FAE04EC0-301F-11D3-BF4B-00C04F79EFBC}") = "CarRecommender.Web", "frontend\CarRecommender.Web\CarRecommender.Web.csproj", "{99E4725D-8C94-408F-AEC3-C2CE9658015A}"
EndProject
Project("{2150E333-8FDC-42A3-9474-1A3956D46DE8}") = "Frontend", "Frontend", "{8B8E8F8A-9C9D-9E9F-A0A1-A2A3A4A5A6A7}"
EndProject
Global
	GlobalSection(SolutionConfigurationPlatforms) = preSolution
		Debug|Any CPU = Debug|Any CPU
		Release|Any CPU = Release|Any CPU
	EndGlobalSection
	GlobalSection(SolutionProperties) = preSolution
		HideSolutionNode = FALSE
	EndGlobalSection
	GlobalSection(ProjectConfigurationPlatforms) = postSolution
		{89E1B230-2BAA-4E1E-A027-16B59AA11FCD}.Debug|Any CPU.ActiveCfg = Debug|Any CPU
		{89E1B230-2BAA-4E1E-A027-16B59AA11FCD}.Debug|Any CPU.Build.0 = Debug|Any CPU
		{89E1B230-2BAA-4E1E-A027-16B59AA11FCD}.Release|Any CPU.ActiveCfg = Release|Any CPU
		{89E1B230-2BAA-4E1E-A027-16B59AA11FCD}.Release|Any CPU.Build.0 = Release|Any CPU
		{47A3267C-5550-4A9C-9DF2-F581D3B4C84A}.Debug|Any CPU.ActiveCfg = Debug|Any CPU
		{47A3267C-5550-4A9C-9DF2-F581D3B4C84A}.Debug|Any CPU.Build.0 = Debug|Any CPU
		{47A3267C-5550-4A9C-9DF2-F581D3B4C84A}.Release|Any CPU.ActiveCfg = Release|Any CPU
		{47A3267C-5550-4A9C-9DF2-F581D3B4C84A}.Release|Any CPU.Build.0 = Release|Any CPU
		{99E4725D-8C94-408F-AEC3-C2CE9658015A}.Debug|Any CPU.ActiveCfg = Debug|Any CPU
		{99E4725D-8C94-408F-AEC3-C2CE9658015A}.Debug|Any CPU.Build.0 = Debug|Any CPU
		{99E4725D-8C94-408F-AEC3-C2CE9658015A}.Release|Any CPU.ActiveCfg = Release|Any CPU
		{99E4725D-8C94-408F-AEC3-C2CE9658015A}.Release|Any CPU.Build.0 = Release|Any CPU
	EndGlobalSection
	GlobalSection(NestedProjects) = preSolution
		{47A3267C-5550-4A9C-9DF2-F581D3B4C84A} = {4A2A84B7-50EF-45A5-8CA9-624C4E2F568E}
		{99E4725D-8C94-408F-AEC3-C2CE9658015A} = {8B8E8F8A-9C9D-9E9F-A0A1-A2A3A4A5A6A7}
	EndGlobalSection
EndGlobal
